
Microsoft Visual Studio Solution File, Format Version 12.00
# Visual Studio Version 16
VisualStudioVersion = 16.0.29409.12
MinimumVisualStudioVersion = 10.0.40219.1
Project("{FAE04EC0-301F-11D3-BF4B-00C04F79EFBC}") = "BbungBbangAssist", "BbungBbangAssist\BbungBbangAssist.csproj", "{9205DE60-7B4A-41B0-A9AB-44AE25BE87EB}"
EndProject
Project("{FAE04EC0-301F-11D3-BF4B-00C04F79EFBC}") = "BbungBbangCrypt", "..\BbungBbangCrypt\BbungBbangCrypt\BbungBbangCrypt.csproj", "{C951B1FB-6F31-4400-9525-82F1FB843367}"
EndProject
Project("{FAE04EC0-301F-11D3-BF4B-00C04F79EFBC}") = "BbungBbangXml", "..\BbungBbangXml\BbungBbangXml\BbungBbangXml.csproj", "{15070880-8729-4805-8BBB-6DC6417BB991}"
EndProject
Global
	GlobalSection(SolutionConfigurationPlatforms) = preSolution
		Debug|Any CPU = Debug|Any CPU
		Release|Any CPU = Release|Any CPU
	EndGlobalSection
	GlobalSection(ProjectConfigurationPlatforms) = postSolution
		{9205DE60-7B4A-41B0-A9AB-44AE25BE87EB}.Debug|Any CPU.ActiveCfg = Debug|Any CPU
		{9205DE60-7B4A-41B0-A9AB-44AE25BE87EB}.Debug|Any CPU.Build.0 = Debug|Any CPU
		{9205DE60-7B4A-41B0-A9AB-44AE25BE87EB}.Release|Any CPU.ActiveCfg = Release|Any CPU
		{9205DE60-7B4A-41B0-A9AB-44AE25BE87EB}.Release|Any CPU.Build.0 = Release|Any CPU
		{C951B1FB-6F31-4400-9525-82F1FB843367}.Debug|Any CPU.ActiveCfg = Debug|Any CPU
		{C951B1FB-6F31-4400-9525-82F1FB843367}.Debug|Any CPU.Build.0 = Debug|Any CPU
		{C951B1FB-6F31-4400-9525-82F1FB843367}.Release|Any CPU.ActiveCfg = Release|Any CPU
		{C951B1FB-6F31-4400-9525-82F1FB843367}.Release|Any CPU.Build.0 = Release|Any CPU
		{15070880-8729-4805-8BBB-6DC6417BB991}.Debug|Any CPU.ActiveCfg = Debug|Any CPU
		{15070880-8729-4805-8BBB-6DC6417BB991}.Debug|Any CPU.Build.0 = Debug|Any CPU
		{15070880-8729-4805-8BBB-6DC6417BB991}.Release|Any CPU.ActiveCfg = Release|Any CPU
		{15070880-8729-4805-8BBB-6DC6417BB991}.Release|Any CPU.Build.0 = Release|Any CPU
	EndGlobalSection
	GlobalSection(SolutionProperties) = preSolution
		HideSolutionNode = FALSE
	EndGlobalSection
	GlobalSection(ExtensibilityGlobals) = postSolution
		SolutionGuid = {4B215EF3-84C6-49F1-886E-D3C7F12CCF39}
	EndGlobalSection
EndGlobal
