
Microsoft Visual Studio Solution File, Format Version 12.00
# Visual Studio Version 16
VisualStudioVersion = 16.0.29409.12
MinimumVisualStudioVersion = 10.0.40219.1
Project("{FAE04EC0-301F-11D3-BF4B-00C04F79EFBC}") = "BbungBbangLog", "BbungBbangLog\BbungBbangLog.csproj", "{B12A81B6-7EAB-4C36-8CE4-46560A6FFA7A}"
EndProject
Global
	GlobalSection(SolutionConfigurationPlatforms) = preSolution
		Debug|Any CPU = Debug|Any CPU
		Release|Any CPU = Release|Any CPU
	EndGlobalSection
	GlobalSection(ProjectConfigurationPlatforms) = postSolution
		{B12A81B6-7EAB-4C36-8CE4-46560A6FFA7A}.Debug|Any CPU.ActiveCfg = Debug|Any CPU
		{B12A81B6-7EAB-4C36-8CE4-46560A6FFA7A}.Debug|Any CPU.Build.0 = Debug|Any CPU
		{B12A81B6-7EAB-4C36-8CE4-46560A6FFA7A}.Release|Any CPU.ActiveCfg = Release|Any CPU
		{B12A81B6-7EAB-4C36-8CE4-46560A6FFA7A}.Release|Any CPU.Build.0 = Release|Any CPU
	EndGlobalSection
	GlobalSection(SolutionProperties) = preSolution
		HideSolutionNode = FALSE
	EndGlobalSection
	GlobalSection(ExtensibilityGlobals) = postSolution
		SolutionGuid = {F7A732D2-ECB4-40E1-AD9D-3506E1608B13}
	EndGlobalSection
EndGlobal
